
Microsoft Visual Studio Solution File, Format Version 12.00
# Visual Studio Version 17
VisualStudioVersion = 17.4.33122.133
MinimumVisualStudioVersion = 10.0.40219.1
Project("{FAE04EC0-301F-11D3-BF4B-00C04F79EFBC}") = "BlogApplication", "BlogApplication\BlogApplication.csproj", "{A572FC03-2859-4DD1-9D42-17375C257347}"
EndProject
Global
	GlobalSection(SolutionConfigurationPlatforms) = preSolution
		Debug|Any CPU = Debug|Any CPU
		Release|Any CPU = Release|Any CPU
	EndGlobalSection
	GlobalSection(ProjectConfigurationPlatforms) = postSolution
		{A572FC03-2859-4DD1-9D42-17375C257347}.Debug|Any CPU.ActiveCfg = Debug|Any CPU
		{A572FC03-2859-4DD1-9D42-17375C257347}.Debug|Any CPU.Build.0 = Debug|Any CPU
		{A572FC03-2859-4DD1-9D42-17375C257347}.Release|Any CPU.ActiveCfg = Release|Any CPU
		{A572FC03-2859-4DD1-9D42-17375C257347}.Release|Any CPU.Build.0 = Release|Any CPU
	EndGlobalSection
	GlobalSection(SolutionProperties) = preSolution
		HideSolutionNode = FALSE
	EndGlobalSection
	GlobalSection(ExtensibilityGlobals) = postSolution
		SolutionGuid = {3CF0945E-3DB7-4F20-9A0D-0708685F725C}
	EndGlobalSection
EndGlobal
